// !$*UTF8*$!
{
	archiveVersion = 1;
	classes = {
	};
	objectVersion = 46;
	objects = {

/* Begin PBXBuildFile section */
		9CB1A6801EBBAF0900EBA98B /* AppDelegate.swift in Sources */ = {isa = PBXBuildFile; fileRef = 9CB1A67F1EBBAF0900EBA98B /* AppDelegate.swift */; };
		9CB1A6821EBBAF0900EBA98B /* ViewController.swift in Sources */ = {isa = PBXBuildFile; fileRef = 9CB1A6811EBBAF0900EBA98B /* ViewController.swift */; };
		9CB1A6851EBBAF0900EBA98B /* Main.storyboard in Resources */ = {isa = PBXBuildFile; fileRef = 9CB1A6831EBBAF0900EBA98B /* Main.storyboard */; };
		9CB1A6871EBBAF0900EBA98B /* Assets.xcassets in Resources */ = {isa = PBXBuildFile; fileRef = 9CB1A6861EBBAF0900EBA98B /* Assets.xcassets */; };
		9CB1A68A1EBBAF0900EBA98B /* LaunchScreen.storyboard in Resources */ = {isa = PBXBuildFile; fileRef = 9CB1A6881EBBAF0900EBA98B /* LaunchScreen.storyboard */; };
		9CB1A6951EBBAF0900EBA98B /* DependencyInjectionTests.swift in Sources */ = {isa = PBXBuildFile; fileRef = 9CB1A6941EBBAF0900EBA98B /* DependencyInjectionTests.swift */; };
		9CB1A6A01EBBB0A800EBA98B /* RealDataSource.swift in Sources */ = {isa = PBXBuildFile; fileRef = 9CB1A69F1EBBB0A800EBA98B /* RealDataSource.swift */; };
		9CB1A6A21EBBB13500EBA98B /* APIRequestManager.swift in Sources */ = {isa = PBXBuildFile; fileRef = 9CB1A6A11EBBB13500EBA98B /* APIRequestManager.swift */; };
		9CB1A6A61EBBB1FC00EBA98B /* TestDataSource.swift in Sources */ = {isa = PBXBuildFile; fileRef = 9CB1A6A51EBBB1FC00EBA98B /* TestDataSource.swift */; };
		9CB1A6A91EBBB56E00EBA98B /* Flower.swift in Sources */ = {isa = PBXBuildFile; fileRef = 9CB1A6A81EBBB56E00EBA98B /* Flower.swift */; };
/* End PBXBuildFile section */

/* Begin PBXContainerItemProxy section */
		9CB1A6911EBBAF0900EBA98B /* PBXContainerItemProxy */ = {
			isa = PBXContainerItemProxy;
			containerPortal = 9CB1A6741EBBAF0800EBA98B /* Project object */;
			proxyType = 1;
			remoteGlobalIDString = 9CB1A67B1EBBAF0800EBA98B;
			remoteInfo = DependencyInjection;
		};
/* End PBXContainerItemProxy section */

/* Begin PBXFileReference section */
		9CB1A67C1EBBAF0900EBA98B /* DependencyInjection.app */ = {isa = PBXFileReference; explicitFileType = wrapper.application; includeInIndex = 0; path = DependencyInjection.app; sourceTree = BUILT_PRODUCTS_DIR; };
		9CB1A67F1EBBAF0900EBA98B /* AppDelegate.swift */ = {isa = PBXFileReference; lastKnownFileType = sourcecode.swift; path = AppDelegate.swift; sourceTree = "<group>"; };
		9CB1A6811EBBAF0900EBA98B /* ViewController.swift */ = {isa = PBXFileReference; lastKnownFileType = sourcecode.swift; path = ViewController.swift; sourceTree = "<group>"; };
		9CB1A6841EBBAF0900EBA98B /* Base */ = {isa = PBXFileReference; lastKnownFileType = file.storyboard; name = Base; path = Base.lproj/Main.storyboard; sourceTree = "<group>"; };
		9CB1A6861EBBAF0900EBA98B /* Assets.xcassets */ = {isa = PBXFileReference; lastKnownFileType = folder.assetcatalog; path = Assets.xcassets; sourceTree = "<group>"; };
		9CB1A6891EBBAF0900EBA98B /* Base */ = {isa = PBXFileReference; lastKnownFileType = file.storyboard; name = Base; path = Base.lproj/LaunchScreen.storyboard; sourceTree = "<group>"; };
		9CB1A68B1EBBAF0900EBA98B /* Info.plist */ = {isa = PBXFileReference; lastKnownFileType = text.plist.xml; path = Info.plist; sourceTree = "<group>"; };
		9CB1A6901EBBAF0900EBA98B /* DependencyInjectionTests.xctest */ = {isa = PBXFileReference; explicitFileType = wrapper.cfbundle; includeInIndex = 0; path = DependencyInjectionTests.xctest; sourceTree = BUILT_PRODUCTS_DIR; };
		9CB1A6941EBBAF0900EBA98B /* DependencyInjectionTests.swift */ = {isa = PBXFileReference; lastKnownFileType = sourcecode.swift; path = DependencyInjectionTests.swift; sourceTree = "<group>"; };
		9CB1A6961EBBAF0900EBA98B /* Info.plist */ = {isa = PBXFileReference; lastKnownFileType = text.plist.xml; path = Info.plist; sourceTree = "<group>"; };
		9CB1A69F1EBBB0A800EBA98B /* RealDataSource.swift */ = {isa = PBXFileReference; fileEncoding = 4; lastKnownFileType = sourcecode.swift; path = RealDataSource.swift; sourceTree = "<group>"; };
		9CB1A6A11EBBB13500EBA98B /* APIRequestManager.swift */ = {isa = PBXFileReference; fileEncoding = 4; lastKnownFileType = sourcecode.swift; path = APIRequestManager.swift; sourceTree = "<group>"; };
		9CB1A6A51EBBB1FC00EBA98B /* TestDataSource.swift */ = {isa = PBXFileReference; fileEncoding = 4; lastKnownFileType = sourcecode.swift; path = TestDataSource.swift; sourceTree = "<group>"; };
		9CB1A6A81EBBB56E00EBA98B /* Flower.swift */ = {isa = PBXFileReference; fileEncoding = 4; lastKnownFileType = sourcecode.swift; path = Flower.swift; sourceTree = "<group>"; };
/* End PBXFileReference section */

/* Begin PBXFrameworksBuildPhase section */
		9CB1A6791EBBAF0800EBA98B /* Frameworks */ = {
			isa = PBXFrameworksBuildPhase;
			buildActionMask = 2147483647;
			files = (
			);
			runOnlyForDeploymentPostprocessing = 0;
		};
		9CB1A68D1EBBAF0900EBA98B /* Frameworks */ = {
			isa = PBXFrameworksBuildPhase;
			buildActionMask = 2147483647;
			files = (
			);
			runOnlyForDeploymentPostprocessing = 0;
		};
/* End PBXFrameworksBuildPhase section */

/* Begin PBXGroup section */
		9CB1A6731EBBAF0800EBA98B = {
			isa = PBXGroup;
			children = (
				9CB1A67E1EBBAF0900EBA98B /* DependencyInjection */,
				9CB1A6931EBBAF0900EBA98B /* DependencyInjectionTests */,
				9CB1A67D1EBBAF0900EBA98B /* Products */,
			);
			sourceTree = "<group>";
		};
		9CB1A67D1EBBAF0900EBA98B /* Products */ = {
			isa = PBXGroup;
			children = (
				9CB1A67C1EBBAF0900EBA98B /* DependencyInjection.app */,
				9CB1A6901EBBAF0900EBA98B /* DependencyInjectionTests.xctest */,
			);
			name = Products;
			sourceTree = "<group>";
		};
		9CB1A67E1EBBAF0900EBA98B /* DependencyInjection */ = {
			isa = PBXGroup;
			children = (
				9CB1A67F1EBBAF0900EBA98B /* AppDelegate.swift */,
				9CB1A6811EBBAF0900EBA98B /* ViewController.swift */,
				9CB1A69F1EBBB0A800EBA98B /* RealDataSource.swift */,
				9CB1A6A51EBBB1FC00EBA98B /* TestDataSource.swift */,
				9CB1A6AA1EBBB57200EBA98B /* Model */,
				9CB1A6A71EBBB20E00EBA98B /* APIRequestManager */,
				9CB1A6A31EBBB1DF00EBA98B /* UI */,
				9CB1A6A41EBBB1E700EBA98B /* Helper */,
			);
			path = DependencyInjection;
			sourceTree = "<group>";
		};
		9CB1A6931EBBAF0900EBA98B /* DependencyInjectionTests */ = {
			isa = PBXGroup;
			children = (
				9CB1A6941EBBAF0900EBA98B /* DependencyInjectionTests.swift */,
				9CB1A6961EBBAF0900EBA98B /* Info.plist */,
			);
			path = DependencyInjectionTests;
			sourceTree = "<group>";
		};
		9CB1A6A31EBBB1DF00EBA98B /* UI */ = {
			isa = PBXGroup;
			children = (
				9CB1A6831EBBAF0900EBA98B /* Main.storyboard */,
				9CB1A6881EBBAF0900EBA98B /* LaunchScreen.storyboard */,
			);
			name = UI;
			sourceTree = "<group>";
		};
		9CB1A6A41EBBB1E700EBA98B /* Helper */ = {
			isa = PBXGroup;
			children = (
				9CB1A6861EBBAF0900EBA98B /* Assets.xcassets */,
				9CB1A68B1EBBAF0900EBA98B /* Info.plist */,
			);
			name = Helper;
			sourceTree = "<group>";
		};
		9CB1A6A71EBBB20E00EBA98B /* APIRequestManager */ = {
			isa = PBXGroup;
			children = (
				9CB1A6A11EBBB13500EBA98B /* APIRequestManager.swift */,
			);
			name = APIRequestManager;
			sourceTree = "<group>";
		};
		9CB1A6AA1EBBB57200EBA98B /* Model */ = {
			isa = PBXGroup;
			children = (
				9CB1A6A81EBBB56E00EBA98B /* Flower.swift */,
			);
			name = Model;
			sourceTree = "<group>";
		};
/* End PBXGroup section */

/* Begin PBXNativeTarget section */
		9CB1A67B1EBBAF0800EBA98B /* DependencyInjection */ = {
			isa = PBXNativeTarget;
			buildConfigurationList = 9CB1A6991EBBAF0900EBA98B /* Build configuration list for PBXNativeTarget "DependencyInjection" */;
			buildPhases = (
				9CB1A6781EBBAF0800EBA98B /* Sources */,
				9CB1A6791EBBAF0800EBA98B /* Frameworks */,
				9CB1A67A1EBBAF0800EBA98B /* Resources */,
			);
			buildRules = (
			);
			dependencies = (
			);
			name = DependencyInjection;
			productName = DependencyInjection;
			productReference = 9CB1A67C1EBBAF0900EBA98B /* DependencyInjection.app */;
			productType = "com.apple.product-type.application";
		};
		9CB1A68F1EBBAF0900EBA98B /* DependencyInjectionTests */ = {
			isa = PBXNativeTarget;
			buildConfigurationList = 9CB1A69C1EBBAF0900EBA98B /* Build configuration list for PBXNativeTarget "DependencyInjectionTests" */;
			buildPhases = (
				9CB1A68C1EBBAF0900EBA98B /* Sources */,
				9CB1A68D1EBBAF0900EBA98B /* Frameworks */,
				9CB1A68E1EBBAF0900EBA98B /* Resources */,
			);
			buildRules = (
			);
			dependencies = (
				9CB1A6921EBBAF0900EBA98B /* PBXTargetDependency */,
			);
			name = DependencyInjectionTests;
			productName = DependencyInjectionTests;
			productReference = 9CB1A6901EBBAF0900EBA98B /* DependencyInjectionTests.xctest */;
			productType = "com.apple.product-type.bundle.unit-test";
		};
/* End PBXNativeTarget section */

/* Begin PBXProject section */
		9CB1A6741EBBAF0800EBA98B /* Project object */ = {
			isa = PBXProject;
			attributes = {
				LastSwiftUpdateCheck = 0820;
				LastUpgradeCheck = 0820;
				ORGANIZATIONNAME = "Annie Tung";
				TargetAttributes = {
					9CB1A67B1EBBAF0800EBA98B = {
						CreatedOnToolsVersion = 8.2.1;
						DevelopmentTeam = 9F7X637BX9;
						ProvisioningStyle = Automatic;
					};
					9CB1A68F1EBBAF0900EBA98B = {
						CreatedOnToolsVersion = 8.2.1;
						DevelopmentTeam = 9F7X637BX9;
						ProvisioningStyle = Automatic;
						TestTargetID = 9CB1A67B1EBBAF0800EBA98B;
					};
				};
			};
			buildConfigurationList = 9CB1A6771EBBAF0800EBA98B /* Build configuration list for PBXProject "DependencyInjection" */;
			compatibilityVersion = "Xcode 3.2";
			developmentRegion = English;
			hasScannedForEncodings = 0;
			knownRegions = (
				en,
				Base,
			);
			mainGroup = 9CB1A6731EBBAF0800EBA98B;
			productRefGroup = 9CB1A67D1EBBAF0900EBA98B /* Products */;
			projectDirPath = "";
			projectRoot = "";
			targets = (
				9CB1A67B1EBBAF0800EBA98B /* DependencyInjection */,
				9CB1A68F1EBBAF0900EBA98B /* DependencyInjectionTests */,
			);
		};
/* End PBXProject section */

/* Begin PBXResourcesBuildPhase section */
		9CB1A67A1EBBAF0800EBA98B /* Resources */ = {
			isa = PBXResourcesBuildPhase;
			buildActionMask = 2147483647;
			files = (
				9CB1A68A1EBBAF0900EBA98B /* LaunchScreen.storyboard in Resources */,
				9CB1A6871EBBAF0900EBA98B /* Assets.xcassets in Resources */,
				9CB1A6851EBBAF0900EBA98B /* Main.storyboard in Resources */,
			);
			runOnlyForDeploymentPostprocessing = 0;
		};
		9CB1A68E1EBBAF0900EBA98B /* Resources */ = {
			isa = PBXResourcesBuildPhase;
			buildActionMask = 2147483647;
			files = (
			);
			runOnlyForDeploymentPostprocessing = 0;
		};
/* End PBXResourcesBuildPhase section */

/* Begin PBXSourcesBuildPhase section */
		9CB1A6781EBBAF0800EBA98B /* Sources */ = {
			isa = PBXSourcesBuildPhase;
			buildActionMask = 2147483647;
			files = (
				9CB1A6A21EBBB13500EBA98B /* APIRequestManager.swift in Sources */,
				9CB1A6A61EBBB1FC00EBA98B /* TestDataSource.swift in Sources */,
				9CB1A6A91EBBB56E00EBA98B /* Flower.swift in Sources */,
				9CB1A6821EBBAF0900EBA98B /* ViewController.swift in Sources */,
				9CB1A6801EBBAF0900EBA98B /* AppDelegate.swift in Sources */,
				9CB1A6A01EBBB0A800EBA98B /* RealDataSource.swift in Sources */,
			);
			runOnlyForDeploymentPostprocessing = 0;
		};
		9CB1A68C1EBBAF0900EBA98B /* Sources */ = {
			isa = PBXSourcesBuildPhase;
			buildActionMask = 2147483647;
			files = (
				9CB1A6951EBBAF0900EBA98B /* DependencyInjectionTests.swift in Sources */,
			);
			runOnlyForDeploymentPostprocessing = 0;
		};
/* End PBXSourcesBuildPhase section */

/* Begin PBXTargetDependency section */
		9CB1A6921EBBAF0900EBA98B /* PBXTargetDependency */ = {
			isa = PBXTargetDependency;
			target = 9CB1A67B1EBBAF0800EBA98B /* DependencyInjection */;
			targetProxy = 9CB1A6911EBBAF0900EBA98B /* PBXContainerItemProxy */;
		};
/* End PBXTargetDependency section */

/* Begin PBXVariantGroup section */
		9CB1A6831EBBAF0900EBA98B /* Main.storyboard */ = {
			isa = PBXVariantGroup;
			children = (
				9CB1A6841EBBAF0900EBA98B /* Base */,
			);
			name = Main.storyboard;
			sourceTree = "<group>";
		};
		9CB1A6881EBBAF0900EBA98B /* LaunchScreen.storyboard */ = {
			isa = PBXVariantGroup;
			children = (
				9CB1A6891EBBAF0900EBA98B /* Base */,
			);
			name = LaunchScreen.storyboard;
			sourceTree = "<group>";
		};
/* End PBXVariantGroup section */

/* Begin XCBuildConfiguration section */
		9CB1A6971EBBAF0900EBA98B /* Debug */ = {
			isa = XCBuildConfiguration;
			buildSettings = {
				ALWAYS_SEARCH_USER_PATHS = NO;
				CLANG_ANALYZER_NONNULL = YES;
				CLANG_CXX_LANGUAGE_STANDARD = "gnu++0x";
				CLANG_CXX_LIBRARY = "libc++";
				CLANG_ENABLE_MODULES = YES;
				CLANG_ENABLE_OBJC_ARC = YES;
				CLANG_WARN_BOOL_CONVERSION = YES;
				CLANG_WARN_CONSTANT_CONVERSION = YES;
				CLANG_WARN_DIRECT_OBJC_ISA_USAGE = YES_ERROR;
				CLANG_WARN_DOCUMENTATION_COMMENTS = YES;
				CLANG_WARN_EMPTY_BODY = YES;
				CLANG_WARN_ENUM_CONVERSION = YES;
				CLANG_WARN_INFINITE_RECURSION = YES;
				CLANG_WARN_INT_CONVERSION = YES;
				CLANG_WARN_OBJC_ROOT_CLASS = YES_ERROR;
				CLANG_WARN_SUSPICIOUS_MOVE = YES;
				CLANG_WARN_UNREACHABLE_CODE = YES;
				CLANG_WARN__DUPLICATE_METHOD_MATCH = YES;
				"CODE_SIGN_IDENTITY[sdk=iphoneos*]" = "iPhone Developer";
				COPY_PHASE_STRIP = NO;
				DEBUG_INFORMATION_FORMAT = dwarf;
				ENABLE_STRICT_OBJC_MSGSEND = YES;
				ENABLE_TESTABILITY = YES;
				GCC_C_LANGUAGE_STANDARD = gnu99;
				GCC_DYNAMIC_NO_PIC = NO;
				GCC_NO_COMMON_BLOCKS = YES;
				GCC_OPTIMIZATION_LEVEL = 0;
				GCC_PREPROCESSOR_DEFINITIONS = (
					"DEBUG=1",
					"$(inherited)",
				);
				GCC_WARN_64_TO_32_BIT_CONVERSION = YES;
				GCC_WARN_ABOUT_RETURN_TYPE = YES_ERROR;
				GCC_WARN_UNDECLARED_SELECTOR = YES;
				GCC_WARN_UNINITIALIZED_AUTOS = YES_AGGRESSIVE;
				GCC_WARN_UNUSED_FUNCTION = YES;
				GCC_WARN_UNUSED_VARIABLE = YES;
				IPHONEOS_DEPLOYMENT_TARGET = 10.2;
				MTL_ENABLE_DEBUG_INFO = YES;
				ONLY_ACTIVE_ARCH = YES;
				SDKROOT = iphoneos;
				SWIFT_ACTIVE_COMPILATION_CONDITIONS = DEBUG;
				SWIFT_OPTIMIZATION_LEVEL = "-Onone";
				TARGETED_DEVICE_FAMILY = "1,2";
			};
			name = Debug;
		};
		9CB1A6981EBBAF0900EBA98B /* Release */ = {
			isa = XCBuildConfiguration;
			buildSettings = {
				ALWAYS_SEARCH_USER_PATHS = NO;
				CLANG_ANALYZER_NONNULL = YES;
				CLANG_CXX_LANGUAGE_STANDARD = "gnu++0x";
				CLANG_CXX_LIBRARY = "libc++";
				CLANG_ENABLE_MODULES = YES;
				CLANG_ENABLE_OBJC_ARC = YES;
				CLANG_WARN_BOOL_CONVERSION = YES;
				CLANG_WARN_CONSTANT_CONVERSION = YES;
				CLANG_WARN_DIRECT_OBJC_ISA_USAGE = YES_ERROR;
				CLANG_WARN_DOCUMENTATION_COMMENTS = YES;
				CLANG_WARN_EMPTY_BODY = YES;
				CLANG_WARN_ENUM_CONVERSION = YES;
				CLANG_WARN_INFINITE_RECURSION = YES;
				CLANG_WARN_INT_CONVERSION = YES;
				CLANG_WARN_OBJC_ROOT_CLASS = YES_ERROR;
				CLANG_WARN_SUSPICIOUS_MOVE = YES;
				CLANG_WARN_UNREACHABLE_CODE = YES;
				CLANG_WARN__DUPLICATE_METHOD_MATCH = YES;
				"CODE_SIGN_IDENTITY[sdk=iphoneos*]" = "iPhone Developer";
				COPY_PHASE_STRIP = NO;
				DEBUG_INFORMATION_FORMAT = "dwarf-with-dsym";
				ENABLE_NS_ASSERTIONS = NO;
				ENABLE_STRICT_OBJC_MSGSEND = YES;
				GCC_C_LANGUAGE_STANDARD = gnu99;
				GCC_NO_COMMON_BLOCKS = YES;
				GCC_WARN_64_TO_32_BIT_CONVERSION = YES;
				GCC_WARN_ABOUT_RETURN_TYPE = YES_ERROR;
				GCC_WARN_UNDECLARED_SELECTOR = YES;
				GCC_WARN_UNINITIALIZED_AUTOS = YES_AGGRESSIVE;
				GCC_WARN_UNUSED_FUNCTION = YES;
				GCC_WARN_UNUSED_VARIABLE = YES;
				IPHONEOS_DEPLOYMENT_TARGET = 10.2;
				MTL_ENABLE_DEBUG_INFO = NO;
				SDKROOT = iphoneos;
				SWIFT_OPTIMIZATION_LEVEL = "-Owholemodule";
				TARGETED_DEVICE_FAMILY = "1,2";
				VALIDATE_PRODUCT = YES;
			};
			name = Release;
		};
		9CB1A69A1EBBAF0900EBA98B /* Debug */ = {
			isa = XCBuildConfiguration;
			buildSettings = {
				ASSETCATALOG_COMPILER_APPICON_NAME = AppIcon;
				DEVELOPMENT_TEAM = 9F7X637BX9;
				INFOPLIST_FILE = DependencyInjection/Info.plist;
				LD_RUNPATH_SEARCH_PATHS = "$(inherited) @executable_path/Frameworks";
				PRODUCT_BUNDLE_IDENTIFIER = tung.annie.c4q.DependencyInjection;
				PRODUCT_NAME = "$(TARGET_NAME)";
				SWIFT_VERSION = 3.0;
			};
			name = Debug;
		};
		9CB1A69B1EBBAF0900EBA98B /* Release */ = {
			isa = XCBuildConfiguration;
			buildSettings = {
				ASSETCATALOG_COMPILER_APPICON_NAME = AppIcon;
				DEVELOPMENT_TEAM = 9F7X637BX9;
				INFOPLIST_FILE = DependencyInjection/Info.plist;
				LD_RUNPATH_SEARCH_PATHS = "$(inherited) @executable_path/Frameworks";
				PRODUCT_BUNDLE_IDENTIFIER = tung.annie.c4q.DependencyInjection;
				PRODUCT_NAME = "$(TARGET_NAME)";
				SWIFT_VERSION = 3.0;
			};
			name = Release;
		};
		9CB1A69D1EBBAF0900EBA98B /* Debug */ = {
			isa = XCBuildConfiguration;
			buildSettings = {
				ALWAYS_EMBED_SWIFT_STANDARD_LIBRARIES = YES;
				BUNDLE_LOADER = "$(TEST_HOST)";
				DEVELOPMENT_TEAM = 9F7X637BX9;
				INFOPLIST_FILE = DependencyInjectionTests/Info.plist;
				LD_RUNPATH_SEARCH_PATHS = "$(inherited) @executable_path/Frameworks @loader_path/Frameworks";
				PRODUCT_BUNDLE_IDENTIFIER = tung.annie.c4q.DependencyInjectionTests;
				PRODUCT_NAME = "$(TARGET_NAME)";
				SWIFT_VERSION = 3.0;
				TEST_HOST = "$(BUILT_PRODUCTS_DIR)/DependencyInjection.app/DependencyInjection";
			};
			name = Debug;
		};
		9CB1A69E1EBBAF0900EBA98B /* Release */ = {
			isa = XCBuildConfiguration;
			buildSettings = {
				ALWAYS_EMBED_SWIFT_STANDARD_LIBRARIES = YES;
				BUNDLE_LOADER = "$(TEST_HOST)";
				DEVELOPMENT_TEAM = 9F7X637BX9;
				INFOPLIST_FILE = DependencyInjectionTests/Info.plist;
				LD_RUNPATH_SEARCH_PATHS = "$(inherited) @executable_path/Frameworks @loader_path/Frameworks";
				PRODUCT_BUNDLE_IDENTIFIER = tung.annie.c4q.DependencyInjectionTests;
				PRODUCT_NAME = "$(TARGET_NAME)";
				SWIFT_VERSION = 3.0;
				TEST_HOST = "$(BUILT_PRODUCTS_DIR)/DependencyInjection.app/DependencyInjection";
			};
			name = Release;
		};
/* End XCBuildConfiguration section */

/* Begin XCConfigurationList section */
		9CB1A6771EBBAF0800EBA98B /* Build configuration list for PBXProject "DependencyInjection" */ = {
			isa = XCConfigurationList;
			buildConfigurations = (
				9CB1A6971EBBAF0900EBA98B /* Debug */,
				9CB1A6981EBBAF0900EBA98B /* Release */,
			);
			defaultConfigurationIsVisible = 0;
			defaultConfigurationName = Release;
		};
		9CB1A6991EBBAF0900EBA98B /* Build configuration list for PBXNativeTarget "DependencyInjection" */ = {
			isa = XCConfigurationList;
			buildConfigurations = (
				9CB1A69A1EBBAF0900EBA98B /* Debug */,
				9CB1A69B1EBBAF0900EBA98B /* Release */,
			);
			defaultConfigurationIsVisible = 0;
			defaultConfigurationName = Release;
		};
		9CB1A69C1EBBAF0900EBA98B /* Build configuration list for PBXNativeTarget "DependencyInjectionTests" */ = {
			isa = XCConfigurationList;
			buildConfigurations = (
				9CB1A69D1EBBAF0900EBA98B /* Debug */,
				9CB1A69E1EBBAF0900EBA98B /* Release */,
			);
			defaultConfigurationIsVisible = 0;
			defaultConfigurationName = Release;
		};
/* End XCConfigurationList section */
	};
	rootObject = 9CB1A6741EBBAF0800EBA98B /* Project object */;
}
